<?xml version="1.0" encoding="utf-8"?>
<Project ToolsVersion="4.0" xmlns="http://schemas.microsoft.com/developer/msbuild/2003">
  <ItemGroup>
    <Filter Include="Source Files">
      <UniqueIdentifier>{4FC737F1-C7A5-4376-A066-2A32D752A2FF}</UniqueIdentifier>
      <Extensions>cpp;c;cc;cxx;c++;cppm;ixx;def;odl;idl;hpj;bat;asm;asmx</Extensions>
    </Filter>
    <Filter Include="Header Files">
      <UniqueIdentifier>{93995380-89BD-4b04-88EB-625FBE52EBFB}</UniqueIdentifier>
      <Extensions>h;hh;hpp;hxx;h++;hm;inl;inc;ipp;xsd</Extensions>
    </Filter>
    <Filter Include="Resource Files">
      <UniqueIdentifier>{67DA6AB6-F800-4c08-8B7A-83BB121AAD01}</UniqueIdentifier>
      <Extensions>rc;ico;cur;bmp;dlg;rc2;rct;bin;rgs;gif;jpg;jpeg;jpe;resx;tiff;tif;png;wav;mfcribbon-ms</Extensions>
    </Filter>
    <Filter Include="imgui">
      <UniqueIdentifier>{75577d1c-c478-4b68-9dfb-6d1f8c13625c}</UniqueIdentifier>
    </Filter>
  </ItemGroup>
  <ItemGroup>
    <ClCompile Include="src\glad.c">
      <Filter>Source Files</Filter>
    </ClCompile>
    <ClCompile Include="src\main.cpp">
      <Filter>Source Files</Filter>
    </ClCompile>
    <ClCompile Include="src\Headers\Camera.cpp">
      <Filter>Source Files</Filter>
    </ClCompile>
    <ClCompile Include="src\Headers\Mesh.cpp">
      <Filter>Source Files</Filter>
    </ClCompile>
    <ClCompile Include="src\Headers\Model.cpp">
      <Filter>Source Files</Filter>
    </ClCompile>
    <ClCompile Include="src\Headers\Textures\Textures.cpp">
      <Filter>Source Files</Filter>
    </ClCompile>
    <ClCompile Include="src\Headers\Shaders\Shader.cpp">
      <Filter>Source Files</Filter>
    </ClCompile>
    <ClCompile Include="src\Headers\IO\Input.cpp">
      <Filter>Source Files</Filter>
    </ClCompile>
    <ClCompile Include="src\Headers\imgui\imgui_impl_opengl3.cpp">
      <Filter>imgui</Filter>
    </ClCompile>
    <ClCompile Include="src\Headers\imgui\imgui_tables.cpp">
      <Filter>imgui</Filter>
    </ClCompile>
    <ClCompile Include="src\Headers\imgui\imgui_widgets.cpp">
      <Filter>imgui</Filter>
    </ClCompile>
    <ClCompile Include="src\Headers\imgui\implot.cpp">
      <Filter>imgui</Filter>
    </ClCompile>
    <ClCompile Include="src\Headers\imgui\implot_items.cpp">
      <Filter>imgui</Filter>
    </ClCompile>
    <ClCompile Include="src\Headers\imgui\imgui.cpp">
      <Filter>imgui</Filter>
    </ClCompile>
    <ClCompile Include="src\Headers\imgui\imgui_demo.cpp">
      <Filter>imgui</Filter>
    </ClCompile>
    <ClCompile Include="src\Headers\imgui\imgui_draw.cpp">
      <Filter>imgui</Filter>
    </ClCompile>
    <ClCompile Include="src\Headers\imgui\imgui_impl_glfw.cpp">
      <Filter>imgui</Filter>
    </ClCompile>
  </ItemGroup>
  <ItemGroup>
    <None Include="src\Shaders\Basic.frag">
      <Filter>Resource Files</Filter>
    </None>
    <None Include="src\Shaders\Basic.vert">
      <Filter>Resource Files</Filter>
    </None>
    <None Include="Algorithm.md" />
    <None Include="src\Shaders\Honmoon.frag">
      <Filter>Resource Files</Filter>
    </None>
    <None Include="src\Shaders\Honmoon.vert">
      <Filter>Resource Files</Filter>
    </None>
    <None Include="src\Shaders\Height.frag">
      <Filter>Resource Files</Filter>
    </None>
    <None Include="src\Shaders\Height.vert">
      <Filter>Resource Files</Filter>
    </None>
  </ItemGroup>
  <ItemGroup>
    <ClInclude Include="src\Headers\Camera.hpp">
      <Filter>Header Files</Filter>
    </ClInclude>
    <ClInclude Include="src\Headers\Mesh.hpp">
      <Filter>Header Files</Filter>
    </ClInclude>
    <ClInclude Include="src\Headers\Model.hpp">
      <Filter>Header Files</Filter>
    </ClInclude>
    <ClInclude Include="src\Headers\Vertex\Vertex.hpp">
      <Filter>Header Files</Filter>
    </ClInclude>
    <ClInclude Include="src\Headers\Textures\Textures.hpp">
      <Filter>Header Files</Filter>
    </ClInclude>
    <ClInclude Include="src\Headers\Shaders\Shader.hpp">
      <Filter>Header Files</Filter>
    </ClInclude>
    <ClInclude Include="src\Headers\IO\Input.hpp">
      <Filter>Header Files</Filter>
    </ClInclude>
    <ClInclude Include="src\Headers\imgui\imgui_impl_glfw.h">
      <Filter>imgui</Filter>
    </ClInclude>
    <ClInclude Include="src\Headers\imgui\imgui_impl_opengl3.h">
      <Filter>imgui</Filter>
    </ClInclude>
    <ClInclude Include="src\Headers\imgui\imgui_impl_opengl3_loader.h">
      <Filter>imgui</Filter>
    </ClInclude>
    <ClInclude Include="src\Headers\imgui\imgui_internal.h">
      <Filter>imgui</Filter>
    </ClInclude>
    <ClInclude Include="src\Headers\imgui\implot.h">
      <Filter>imgui</Filter>
    </ClInclude>
    <ClInclude Include="src\Headers\imgui\implot_internal.h">
      <Filter>imgui</Filter>
    </ClInclude>
    <ClInclude Include="src\Headers\imgui\imstb_rectpack.h">
      <Filter>imgui</Filter>
    </ClInclude>
    <ClInclude Include="src\Headers\imgui\imstb_textedit.h">
      <Filter>imgui</Filter>
    </ClInclude>
    <ClInclude Include="src\Headers\imgui\imstb_truetype.h">
      <Filter>imgui</Filter>
    </ClInclude>
    <ClInclude Include="src\Headers\imgui\imconfig.h">
      <Filter>imgui</Filter>
    </ClInclude>
    <ClInclude Include="src\Headers\imgui\imgui.h">
      <Filter>imgui</Filter>
    </ClInclude>
  </ItemGroup>
</Project>